Microsoft Visual Studio Solution File, Format Version 12.00
# Visual Studio Version 17
VisualStudioVersion = 17.5.2.0
MinimumVisualStudioVersion = 10.0.40219.1
Project("{FAE04EC0-301F-11D3-BF4B-00C04F79EFBC}") = "KasKelasApi", "KasKelasApi.csproj", "{68B6742B-EC26-78FA-8A6B-CFEECA07D39D}"
EndProject
Global
	GlobalSection(SolutionConfigurationPlatforms) = preSolution
		Debug|Any CPU = Debug|Any CPU
		Release|Any CPU = Release|Any CPU
	EndGlobalSection
	GlobalSection(ProjectConfigurationPlatforms) = postSolution
		{68B6742B-EC26-78FA-8A6B-CFEECA07D39D}.Debug|Any CPU.ActiveCfg = Debug|Any CPU
		{68B6742B-EC26-78FA-8A6B-CFEECA07D39D}.Debug|Any CPU.Build.0 = Debug|Any CPU
		{68B6742B-EC26-78FA-8A6B-CFEECA07D39D}.Release|Any CPU.ActiveCfg = Release|Any CPU
		{68B6742B-EC26-78FA-8A6B-CFEECA07D39D}.Release|Any CPU.Build.0 = Release|Any CPU
	EndGlobalSection
	GlobalSection(SolutionProperties) = preSolution
		HideSolutionNode = FALSE
	EndGlobalSection
	GlobalSection(ExtensibilityGlobals) = postSolution
		SolutionGuid = {1C00C21C-82F2-41A2-AA01-08009BB39EDB}
	EndGlobalSection
EndGlobal
